// !$*UTF8*$!
{
	archiveVersion = 1;
	classes = {
	};
	objectVersion = 46;
	objects = {

/* Begin PBXBuildFile section */
		6747901A1AEA260C00EA6FF9 /* main.m in Sources */ = {isa = PBXBuildFile; fileRef = 674790191AEA260C00EA6FF9 /* main.m */; };
		674790221AEA261F00EA6FF9 /* User.m in Sources */ = {isa = PBXBuildFile; fileRef = 674790211AEA261F00EA6FF9 /* User.m */; };
/* End PBXBuildFile section */

/* Begin PBXCopyFilesBuildPhase section */
		674790141AEA260B00EA6FF9 /* CopyFiles */ = {
			isa = PBXCopyFilesBuildPhase;
			buildActionMask = 2147483647;
			dstPath = /usr/share/man/man1/;
			dstSubfolderSpec = 0;
			files = (
			);
			runOnlyForDeploymentPostprocessing = 1;
		};
/* End PBXCopyFilesBuildPhase section */

/* Begin PBXFileReference section */
		674790161AEA260C00EA6FF9 /* 反射 */ = {isa = PBXFileReference; explicitFileType = "compiled.mach-o.executable"; includeInIndex = 0; path = "反射"; sourceTree = BUILT_PRODUCTS_DIR; };
		674790191AEA260C00EA6FF9 /* main.m */ = {isa = PBXFileReference; lastKnownFileType = sourcecode.c.objc; path = main.m; sourceTree = "<group>"; };
		674790201AEA261F00EA6FF9 /* User.h */ = {isa = PBXFileReference; fileEncoding = 4; lastKnownFileType = sourcecode.c.h; path = User.h; sourceTree = "<group>"; };
		674790211AEA261F00EA6FF9 /* User.m */ = {isa = PBXFileReference; fileEncoding = 4; lastKnownFileType = sourcecode.c.objc; path = User.m; sourceTree = "<group>"; };
/* End PBXFileReference section */

/* Begin PBXFrameworksBuildPhase section */
		674790131AEA260B00EA6FF9 /* Frameworks */ = {
			isa = PBXFrameworksBuildPhase;
			buildActionMask = 2147483647;
			files = (
			);
			runOnlyForDeploymentPostprocessing = 0;
		};
/* End PBXFrameworksBuildPhase section */

/* Begin PBXGroup section */
		6747900D1AEA260B00EA6FF9 = {
			isa = PBXGroup;
			children = (
				674790181AEA260C00EA6FF9 /* 反射 */,
				674790171AEA260C00EA6FF9 /* Products */,
			);
			sourceTree = "<group>";
		};
		674790171AEA260C00EA6FF9 /* Products */ = {
			isa = PBXGroup;
			children = (
				674790161AEA260C00EA6FF9 /* 反射 */,
			);
			name = Products;
			sourceTree = "<group>";
		};
		674790181AEA260C00EA6FF9 /* 反射 */ = {
			isa = PBXGroup;
			children = (
				674790191AEA260C00EA6FF9 /* main.m */,
				674790201AEA261F00EA6FF9 /* User.h */,
				674790211AEA261F00EA6FF9 /* User.m */,
			);
			path = "反射";
			sourceTree = "<group>";
		};
/* End PBXGroup section */

/* Begin PBXNativeTarget section */
		674790151AEA260B00EA6FF9 /* 反射 */ = {
			isa = PBXNativeTarget;
			buildConfigurationList = 6747901D1AEA260C00EA6FF9 /* Build configuration list for PBXNativeTarget "反射" */;
			buildPhases = (
				674790121AEA260B00EA6FF9 /* Sources */,
				674790131AEA260B00EA6FF9 /* Frameworks */,
				674790141AEA260B00EA6FF9 /* CopyFiles */,
			);
			buildRules = (
			);
			dependencies = (
			);
			name = "反射";
			productName = "反射";
			productReference = 674790161AEA260C00EA6FF9 /* 反射 */;
			productType = "com.apple.product-type.tool";
		};
/* End PBXNativeTarget section */

/* Begin PBXProject section */
		6747900E1AEA260B00EA6FF9 /* Project object */ = {
			isa = PBXProject;
			attributes = {
				LastUpgradeCheck = 0600;
				ORGANIZATIONNAME = "陶照平";
				TargetAttributes = {
					674790151AEA260B00EA6FF9 = {
						CreatedOnToolsVersion = 6.0;
					};
				};
			};
			buildConfigurationList = 674790111AEA260B00EA6FF9 /* Build configuration list for PBXProject "反射" */;
			compatibilityVersion = "Xcode 3.2";
			developmentRegion = English;
			hasScannedForEncodings = 0;
			knownRegions = (
				en,
			);
			mainGroup = 6747900D1AEA260B00EA6FF9;
			productRefGroup = 674790171AEA260C00EA6FF9 /* Products */;
			projectDirPath = "";
			projectRoot = "";
			targets = (
				674790151AEA260B00EA6FF9 /* 反射 */,
			);
		};
/* End PBXProject section */

/* Begin PBXSourcesBuildPhase section */
		674790121AEA260B00EA6FF9 /* Sources */ = {
			isa = PBXSourcesBuildPhase;
			buildActionMask = 2147483647;
			files = (
				674790221AEA261F00EA6FF9 /* User.m in Sources */,
				6747901A1AEA260C00EA6FF9 /* main.m in Sources */,
			);
			runOnlyForDeploymentPostprocessing = 0;
		};
/* End PBXSourcesBuildPhase section */

/* Begin XCBuildConfiguration section */
		6747901B1AEA260C00EA6FF9 /* Debug */ = {
			isa = XCBuildConfiguration;
			buildSettings = {
				ALWAYS_SEARCH_USER_PATHS = NO;
				CLANG_CXX_LANGUAGE_STANDARD = "gnu++0x";
				CLANG_CXX_LIBRARY = "libc++";
				CLANG_ENABLE_MODULES = YES;
				CLANG_ENABLE_OBJC_ARC = YES;
				CLANG_WARN_BOOL_CONVERSION = YES;
				CLANG_WARN_CONSTANT_CONVERSION = YES;
				CLANG_WARN_DIRECT_OBJC_ISA_USAGE = YES_ERROR;
				CLANG_WARN_EMPTY_BODY = YES;
				CLANG_WARN_ENUM_CONVERSION = YES;
				CLANG_WARN_INT_CONVERSION = YES;
				CLANG_WARN_OBJC_ROOT_CLASS = YES_ERROR;
				CLANG_WARN_UNREACHABLE_CODE = YES;
				CLANG_WARN__DUPLICATE_METHOD_MATCH = YES;
				COPY_PHASE_STRIP = NO;
				ENABLE_STRICT_OBJC_MSGSEND = YES;
				GCC_C_LANGUAGE_STANDARD = gnu99;
				GCC_DYNAMIC_NO_PIC = NO;
				GCC_OPTIMIZATION_LEVEL = 0;
				GCC_PREPROCESSOR_DEFINITIONS = (
					"DEBUG=1",
					"$(inherited)",
				);
				GCC_SYMBOLS_PRIVATE_EXTERN = NO;
				GCC_WARN_64_TO_32_BIT_CONVERSION = YES;
				GCC_WARN_ABOUT_RETURN_TYPE = YES_ERROR;
				GCC_WARN_UNDECLARED_SELECTOR = YES;
				GCC_WARN_UNINITIALIZED_AUTOS = YES_AGGRESSIVE;
				GCC_WARN_UNUSED_FUNCTION = YES;
				GCC_WARN_UNUSED_VARIABLE = YES;
				MACOSX_DEPLOYMENT_TARGET = 10.9;
				METAL_ENABLE_DEBUG_INFO = YES;
				ONLY_ACTIVE_ARCH = YES;
				SDKROOT = macosx;
			};
			name = Debug;
		};
		6747901C1AEA260C00EA6FF9 /* Release */ = {
			isa = XCBuildConfiguration;
			buildSettings = {
				ALWAYS_SEARCH_USER_PATHS = NO;
				CLANG_CXX_LANGUAGE_STANDARD = "gnu++0x";
				CLANG_CXX_LIBRARY = "libc++";
				CLANG_ENABLE_MODULES = YES;
				CLANG_ENABLE_OBJC_ARC = YES;
				CLANG_WARN_BOOL_CONVERSION = YES;
				CLANG_WARN_CONSTANT_CONVERSION = YES;
				CLANG_WARN_DIRECT_OBJC_ISA_USAGE = YES_ERROR;
				CLANG_WARN_EMPTY_BODY = YES;
				CLANG_WARN_ENUM_CONVERSION = YES;
				CLANG_WARN_INT_CONVERSION = YES;
				CLANG_WARN_OBJC_ROOT_CLASS = YES_ERROR;
				CLANG_WARN_UNREACHABLE_CODE = YES;
				CLANG_WARN__DUPLICATE_METHOD_MATCH = YES;
				COPY_PHASE_STRIP = YES;
				DEBUG_INFORMATION_FORMAT = "dwarf-with-dsym";
				ENABLE_NS_ASSERTIONS = NO;
				ENABLE_STRICT_OBJC_MSGSEND = YES;
				GCC_C_LANGUAGE_STANDARD = gnu99;
				GCC_WARN_64_TO_32_BIT_CONVERSION = YES;
				GCC_WARN_ABOUT_RETURN_TYPE = YES_ERROR;
				GCC_WARN_UNDECLARED_SELECTOR = YES;
				GCC_WARN_UNINITIALIZED_AUTOS = YES_AGGRESSIVE;
				GCC_WARN_UNUSED_FUNCTION = YES;
				GCC_WARN_UNUSED_VARIABLE = YES;
				MACOSX_DEPLOYMENT_TARGET = 10.9;
				METAL_ENABLE_DEBUG_INFO = NO;
				SDKROOT = macosx;
			};
			name = Release;
		};
		6747901E1AEA260C00EA6FF9 /* Debug */ = {
			isa = XCBuildConfiguration;
			buildSettings = {
				PRODUCT_NAME = "$(TARGET_NAME)";
				SDKROOT = iphoneos;
			};
			name = Debug;
		};
		6747901F1AEA260C00EA6FF9 /* Release */ = {
			isa = XCBuildConfiguration;
			buildSettings = {
				PRODUCT_NAME = "$(TARGET_NAME)";
				SDKROOT = iphoneos;
			};
			name = Release;
		};
/* End XCBuildConfiguration section */

/* Begin XCConfigurationList section */
		674790111AEA260B00EA6FF9 /* Build configuration list for PBXProject "反射" */ = {
			isa = XCConfigurationList;
			buildConfigurations = (
				6747901B1AEA260C00EA6FF9 /* Debug */,
				6747901C1AEA260C00EA6FF9 /* Release */,
			);
			defaultConfigurationIsVisible = 0;
			defaultConfigurationName = Release;
		};
		6747901D1AEA260C00EA6FF9 /* Build configuration list for PBXNativeTarget "反射" */ = {
			isa = XCConfigurationList;
			buildConfigurations = (
				6747901E1AEA260C00EA6FF9 /* Debug */,
				6747901F1AEA260C00EA6FF9 /* Release */,
			);
			defaultConfigurationIsVisible = 0;
		};
/* End XCConfigurationList section */
	};
	rootObject = 6747900E1AEA260B00EA6FF9 /* Project object */;
}
