// !$*UTF8*$!
{
	archiveVersion = 1;
	classes = {
	};
	objectVersion = 46;
	objects = {

/* Begin PBXBuildFile section */
		672839CA1AF85ADF00FBEFA7 /* CollectionView.m in Sources */ = {isa = PBXBuildFile; fileRef = 672839C81AF85ADF00FBEFA7 /* CollectionView.m */; };
		672839CB1AF85ADF00FBEFA7 /* CollectionView.xib in Resources */ = {isa = PBXBuildFile; fileRef = 672839C91AF85ADF00FBEFA7 /* CollectionView.xib */; };
		67A370501AF083B20022AB61 /* Default-568h@2x.png in Resources */ = {isa = PBXBuildFile; fileRef = 67A3704F1AF083B20022AB61 /* Default-568h@2x.png */; };
		9D6061561AEC6F0900950A15 /* main.m in Sources */ = {isa = PBXBuildFile; fileRef = 9D6061551AEC6F0900950A15 /* main.m */; };
		9D6061591AEC6F0900950A15 /* AppDelegate.m in Sources */ = {isa = PBXBuildFile; fileRef = 9D6061581AEC6F0900950A15 /* AppDelegate.m */; };
		9D60615C1AEC6F0900950A15 /* ViewController.m in Sources */ = {isa = PBXBuildFile; fileRef = 9D60615B1AEC6F0900950A15 /* ViewController.m */; };
		9D60615F1AEC6F0900950A15 /* Main.storyboard in Resources */ = {isa = PBXBuildFile; fileRef = 9D60615D1AEC6F0900950A15 /* Main.storyboard */; };
		9D6061611AEC6F0900950A15 /* Images.xcassets in Resources */ = {isa = PBXBuildFile; fileRef = 9D6061601AEC6F0900950A15 /* Images.xcassets */; };
		9D6061641AEC6F0900950A15 /* LaunchScreen.xib in Resources */ = {isa = PBXBuildFile; fileRef = 9D6061621AEC6F0900950A15 /* LaunchScreen.xib */; };
		9D6061701AEC6F0900950A15 /* ______Tests.m in Sources */ = {isa = PBXBuildFile; fileRef = 9D60616F1AEC6F0900950A15 /* ______Tests.m */; };
/* End PBXBuildFile section */

/* Begin PBXContainerItemProxy section */
		67A3704D1AF082D20022AB61 /* PBXContainerItemProxy */ = {
			isa = PBXContainerItemProxy;
			containerPortal = 9D6061481AEC6F0800950A15 /* Project object */;
			proxyType = 1;
			remoteGlobalIDString = 9D60614F1AEC6F0800950A15;
			remoteInfo = "页面属性设置";
		};
		9D60616A1AEC6F0900950A15 /* PBXContainerItemProxy */ = {
			isa = PBXContainerItemProxy;
			containerPortal = 9D6061481AEC6F0800950A15 /* Project object */;
			proxyType = 1;
			remoteGlobalIDString = 9D60614F1AEC6F0800950A15;
			remoteInfo = "页面属性设置";
		};
/* End PBXContainerItemProxy section */

/* Begin PBXFileReference section */
		672839C71AF85ADF00FBEFA7 /* CollectionView.h */ = {isa = PBXFileReference; fileEncoding = 4; lastKnownFileType = sourcecode.c.h; path = CollectionView.h; sourceTree = "<group>"; };
		672839C81AF85ADF00FBEFA7 /* CollectionView.m */ = {isa = PBXFileReference; fileEncoding = 4; lastKnownFileType = sourcecode.c.objc; path = CollectionView.m; sourceTree = "<group>"; };
		672839C91AF85ADF00FBEFA7 /* CollectionView.xib */ = {isa = PBXFileReference; fileEncoding = 4; lastKnownFileType = file.xib; path = CollectionView.xib; sourceTree = "<group>"; };
		67A3704F1AF083B20022AB61 /* Default-568h@2x.png */ = {isa = PBXFileReference; lastKnownFileType = image.png; path = "Default-568h@2x.png"; sourceTree = "<group>"; };
		9D6061501AEC6F0900950A15 /* 页面属性设置.app */ = {isa = PBXFileReference; explicitFileType = wrapper.application; includeInIndex = 0; path = "页面属性设置.app"; sourceTree = BUILT_PRODUCTS_DIR; };
		9D6061541AEC6F0900950A15 /* Info.plist */ = {isa = PBXFileReference; lastKnownFileType = text.plist.xml; path = Info.plist; sourceTree = "<group>"; };
		9D6061551AEC6F0900950A15 /* main.m */ = {isa = PBXFileReference; lastKnownFileType = sourcecode.c.objc; path = main.m; sourceTree = "<group>"; };
		9D6061571AEC6F0900950A15 /* AppDelegate.h */ = {isa = PBXFileReference; lastKnownFileType = sourcecode.c.h; path = AppDelegate.h; sourceTree = "<group>"; };
		9D6061581AEC6F0900950A15 /* AppDelegate.m */ = {isa = PBXFileReference; lastKnownFileType = sourcecode.c.objc; path = AppDelegate.m; sourceTree = "<group>"; };
		9D60615A1AEC6F0900950A15 /* ViewController.h */ = {isa = PBXFileReference; lastKnownFileType = sourcecode.c.h; path = ViewController.h; sourceTree = "<group>"; };
		9D60615B1AEC6F0900950A15 /* ViewController.m */ = {isa = PBXFileReference; lastKnownFileType = sourcecode.c.objc; path = ViewController.m; sourceTree = "<group>"; };
		9D60615E1AEC6F0900950A15 /* Base */ = {isa = PBXFileReference; lastKnownFileType = file.storyboard; name = Base; path = Base.lproj/Main.storyboard; sourceTree = "<group>"; };
		9D6061601AEC6F0900950A15 /* Images.xcassets */ = {isa = PBXFileReference; lastKnownFileType = folder.assetcatalog; path = Images.xcassets; sourceTree = "<group>"; };
		9D6061631AEC6F0900950A15 /* Base */ = {isa = PBXFileReference; lastKnownFileType = file.xib; name = Base; path = Base.lproj/LaunchScreen.xib; sourceTree = "<group>"; };
		9D6061691AEC6F0900950A15 /* 页面属性设置Tests.xctest */ = {isa = PBXFileReference; explicitFileType = wrapper.cfbundle; includeInIndex = 0; path = "页面属性设置Tests.xctest"; sourceTree = BUILT_PRODUCTS_DIR; };
		9D60616E1AEC6F0900950A15 /* Info.plist */ = {isa = PBXFileReference; lastKnownFileType = text.plist.xml; path = Info.plist; sourceTree = "<group>"; };
		9D60616F1AEC6F0900950A15 /* ______Tests.m */ = {isa = PBXFileReference; lastKnownFileType = sourcecode.c.objc; path = "______Tests.m"; sourceTree = "<group>"; };
/* End PBXFileReference section */

/* Begin PBXFrameworksBuildPhase section */
		9D60614D1AEC6F0800950A15 /* Frameworks */ = {
			isa = PBXFrameworksBuildPhase;
			buildActionMask = 2147483647;
			files = (
			);
			runOnlyForDeploymentPostprocessing = 0;
		};
		9D6061661AEC6F0900950A15 /* Frameworks */ = {
			isa = PBXFrameworksBuildPhase;
			buildActionMask = 2147483647;
			files = (
			);
			runOnlyForDeploymentPostprocessing = 0;
		};
/* End PBXFrameworksBuildPhase section */

/* Begin PBXGroup section */
		9D6061471AEC6F0800950A15 = {
			isa = PBXGroup;
			children = (
				67A3704F1AF083B20022AB61 /* Default-568h@2x.png */,
				9D6061521AEC6F0900950A15 /* 页面属性设置 */,
				9D60616C1AEC6F0900950A15 /* 页面属性设置Tests */,
				9D6061511AEC6F0900950A15 /* Products */,
			);
			sourceTree = "<group>";
		};
		9D6061511AEC6F0900950A15 /* Products */ = {
			isa = PBXGroup;
			children = (
				9D6061501AEC6F0900950A15 /* 页面属性设置.app */,
				9D6061691AEC6F0900950A15 /* 页面属性设置Tests.xctest */,
			);
			name = Products;
			sourceTree = "<group>";
		};
		9D6061521AEC6F0900950A15 /* 页面属性设置 */ = {
			isa = PBXGroup;
			children = (
				9D6061571AEC6F0900950A15 /* AppDelegate.h */,
				9D6061581AEC6F0900950A15 /* AppDelegate.m */,
				9D60615A1AEC6F0900950A15 /* ViewController.h */,
				9D60615B1AEC6F0900950A15 /* ViewController.m */,
				9D60615D1AEC6F0900950A15 /* Main.storyboard */,
				9D6061601AEC6F0900950A15 /* Images.xcassets */,
				9D6061621AEC6F0900950A15 /* LaunchScreen.xib */,
				9D6061531AEC6F0900950A15 /* Supporting Files */,
				672839C71AF85ADF00FBEFA7 /* CollectionView.h */,
				672839C81AF85ADF00FBEFA7 /* CollectionView.m */,
				672839C91AF85ADF00FBEFA7 /* CollectionView.xib */,
			);
			path = "页面属性设置";
			sourceTree = "<group>";
		};
		9D6061531AEC6F0900950A15 /* Supporting Files */ = {
			isa = PBXGroup;
			children = (
				9D6061541AEC6F0900950A15 /* Info.plist */,
				9D6061551AEC6F0900950A15 /* main.m */,
			);
			name = "Supporting Files";
			sourceTree = "<group>";
		};
		9D60616C1AEC6F0900950A15 /* 页面属性设置Tests */ = {
			isa = PBXGroup;
			children = (
				9D60616F1AEC6F0900950A15 /* ______Tests.m */,
				9D60616D1AEC6F0900950A15 /* Supporting Files */,
			);
			path = "页面属性设置Tests";
			sourceTree = "<group>";
		};
		9D60616D1AEC6F0900950A15 /* Supporting Files */ = {
			isa = PBXGroup;
			children = (
				9D60616E1AEC6F0900950A15 /* Info.plist */,
			);
			name = "Supporting Files";
			sourceTree = "<group>";
		};
/* End PBXGroup section */

/* Begin PBXNativeTarget section */
		9D60614F1AEC6F0800950A15 /* 页面属性设置 */ = {
			isa = PBXNativeTarget;
			buildConfigurationList = 9D6061731AEC6F0900950A15 /* Build configuration list for PBXNativeTarget "页面属性设置" */;
			buildPhases = (
				9D60614C1AEC6F0800950A15 /* Sources */,
				9D60614D1AEC6F0800950A15 /* Frameworks */,
				9D60614E1AEC6F0800950A15 /* Resources */,
			);
			buildRules = (
			);
			dependencies = (
			);
			name = "页面属性设置";
			productName = "页面属性设置";
			productReference = 9D6061501AEC6F0900950A15 /* 页面属性设置.app */;
			productType = "com.apple.product-type.application";
		};
		9D6061681AEC6F0900950A15 /* 页面属性设置Tests */ = {
			isa = PBXNativeTarget;
			buildConfigurationList = 9D6061761AEC6F0900950A15 /* Build configuration list for PBXNativeTarget "页面属性设置Tests" */;
			buildPhases = (
				9D6061651AEC6F0900950A15 /* Sources */,
				9D6061661AEC6F0900950A15 /* Frameworks */,
				9D6061671AEC6F0900950A15 /* Resources */,
			);
			buildRules = (
			);
			dependencies = (
				9D60616B1AEC6F0900950A15 /* PBXTargetDependency */,
				67A3704E1AF082D20022AB61 /* PBXTargetDependency */,
			);
			name = "页面属性设置Tests";
			productName = "页面属性设置Tests";
			productReference = 9D6061691AEC6F0900950A15 /* 页面属性设置Tests.xctest */;
			productType = "com.apple.product-type.bundle.unit-test";
		};
/* End PBXNativeTarget section */

/* Begin PBXProject section */
		9D6061481AEC6F0800950A15 /* Project object */ = {
			isa = PBXProject;
			attributes = {
				LastUpgradeCheck = 0630;
				ORGANIZATIONNAME = taozhaoping;
				TargetAttributes = {
					9D60614F1AEC6F0800950A15 = {
						CreatedOnToolsVersion = 6.3;
					};
					9D6061681AEC6F0900950A15 = {
						CreatedOnToolsVersion = 6.3;
						TestTargetID = 9D60614F1AEC6F0800950A15;
					};
				};
			};
			buildConfigurationList = 9D60614B1AEC6F0800950A15 /* Build configuration list for PBXProject "页面属性设置" */;
			compatibilityVersion = "Xcode 3.2";
			developmentRegion = English;
			hasScannedForEncodings = 0;
			knownRegions = (
				en,
				Base,
			);
			mainGroup = 9D6061471AEC6F0800950A15;
			productRefGroup = 9D6061511AEC6F0900950A15 /* Products */;
			projectDirPath = "";
			projectRoot = "";
			targets = (
				9D60614F1AEC6F0800950A15 /* 页面属性设置 */,
				9D6061681AEC6F0900950A15 /* 页面属性设置Tests */,
			);
		};
/* End PBXProject section */

/* Begin PBXResourcesBuildPhase section */
		9D60614E1AEC6F0800950A15 /* Resources */ = {
			isa = PBXResourcesBuildPhase;
			buildActionMask = 2147483647;
			files = (
				9D60615F1AEC6F0900950A15 /* Main.storyboard in Resources */,
				672839CB1AF85ADF00FBEFA7 /* CollectionView.xib in Resources */,
				67A370501AF083B20022AB61 /* Default-568h@2x.png in Resources */,
				9D6061641AEC6F0900950A15 /* LaunchScreen.xib in Resources */,
				9D6061611AEC6F0900950A15 /* Images.xcassets in Resources */,
			);
			runOnlyForDeploymentPostprocessing = 0;
		};
		9D6061671AEC6F0900950A15 /* Resources */ = {
			isa = PBXResourcesBuildPhase;
			buildActionMask = 2147483647;
			files = (
			);
			runOnlyForDeploymentPostprocessing = 0;
		};
/* End PBXResourcesBuildPhase section */

/* Begin PBXSourcesBuildPhase section */
		9D60614C1AEC6F0800950A15 /* Sources */ = {
			isa = PBXSourcesBuildPhase;
			buildActionMask = 2147483647;
			files = (
				9D60615C1AEC6F0900950A15 /* ViewController.m in Sources */,
				9D6061591AEC6F0900950A15 /* AppDelegate.m in Sources */,
				672839CA1AF85ADF00FBEFA7 /* CollectionView.m in Sources */,
				9D6061561AEC6F0900950A15 /* main.m in Sources */,
			);
			runOnlyForDeploymentPostprocessing = 0;
		};
		9D6061651AEC6F0900950A15 /* Sources */ = {
			isa = PBXSourcesBuildPhase;
			buildActionMask = 2147483647;
			files = (
				9D6061701AEC6F0900950A15 /* ______Tests.m in Sources */,
			);
			runOnlyForDeploymentPostprocessing = 0;
		};
/* End PBXSourcesBuildPhase section */

/* Begin PBXTargetDependency section */
		67A3704E1AF082D20022AB61 /* PBXTargetDependency */ = {
			isa = PBXTargetDependency;
			target = 9D60614F1AEC6F0800950A15 /* 页面属性设置 */;
			targetProxy = 67A3704D1AF082D20022AB61 /* PBXContainerItemProxy */;
		};
		9D60616B1AEC6F0900950A15 /* PBXTargetDependency */ = {
			isa = PBXTargetDependency;
			target = 9D60614F1AEC6F0800950A15 /* 页面属性设置 */;
			targetProxy = 9D60616A1AEC6F0900950A15 /* PBXContainerItemProxy */;
		};
/* End PBXTargetDependency section */

/* Begin PBXVariantGroup section */
		9D60615D1AEC6F0900950A15 /* Main.storyboard */ = {
			isa = PBXVariantGroup;
			children = (
				9D60615E1AEC6F0900950A15 /* Base */,
			);
			name = Main.storyboard;
			sourceTree = "<group>";
		};
		9D6061621AEC6F0900950A15 /* LaunchScreen.xib */ = {
			isa = PBXVariantGroup;
			children = (
				9D6061631AEC6F0900950A15 /* Base */,
			);
			name = LaunchScreen.xib;
			sourceTree = "<group>";
		};
/* End PBXVariantGroup section */

/* Begin XCBuildConfiguration section */
		9D6061711AEC6F0900950A15 /* Debug */ = {
			isa = XCBuildConfiguration;
			buildSettings = {
				ALWAYS_SEARCH_USER_PATHS = NO;
				CLANG_CXX_LANGUAGE_STANDARD = "gnu++0x";
				CLANG_CXX_LIBRARY = "libc++";
				CLANG_ENABLE_MODULES = YES;
				CLANG_ENABLE_OBJC_ARC = YES;
				CLANG_WARN_BOOL_CONVERSION = YES;
				CLANG_WARN_CONSTANT_CONVERSION = YES;
				CLANG_WARN_DIRECT_OBJC_ISA_USAGE = YES_ERROR;
				CLANG_WARN_EMPTY_BODY = YES;
				CLANG_WARN_ENUM_CONVERSION = YES;
				CLANG_WARN_INT_CONVERSION = YES;
				CLANG_WARN_OBJC_ROOT_CLASS = YES_ERROR;
				CLANG_WARN_UNREACHABLE_CODE = YES;
				CLANG_WARN__DUPLICATE_METHOD_MATCH = YES;
				"CODE_SIGN_IDENTITY[sdk=iphoneos*]" = "iPhone Developer";
				COPY_PHASE_STRIP = NO;
				DEBUG_INFORMATION_FORMAT = "dwarf-with-dsym";
				ENABLE_STRICT_OBJC_MSGSEND = YES;
				GCC_C_LANGUAGE_STANDARD = gnu99;
				GCC_DYNAMIC_NO_PIC = NO;
				GCC_NO_COMMON_BLOCKS = YES;
				GCC_OPTIMIZATION_LEVEL = 0;
				GCC_PREPROCESSOR_DEFINITIONS = (
					"DEBUG=1",
					"$(inherited)",
				);
				GCC_SYMBOLS_PRIVATE_EXTERN = NO;
				GCC_WARN_64_TO_32_BIT_CONVERSION = YES;
				GCC_WARN_ABOUT_RETURN_TYPE = YES_ERROR;
				GCC_WARN_UNDECLARED_SELECTOR = YES;
				GCC_WARN_UNINITIALIZED_AUTOS = YES_AGGRESSIVE;
				GCC_WARN_UNUSED_FUNCTION = YES;
				GCC_WARN_UNUSED_VARIABLE = YES;
				IPHONEOS_DEPLOYMENT_TARGET = 8.3;
				MTL_ENABLE_DEBUG_INFO = YES;
				ONLY_ACTIVE_ARCH = YES;
				SDKROOT = iphoneos;
			};
			name = Debug;
		};
		9D6061721AEC6F0900950A15 /* Release */ = {
			isa = XCBuildConfiguration;
			buildSettings = {
				ALWAYS_SEARCH_USER_PATHS = NO;
				CLANG_CXX_LANGUAGE_STANDARD = "gnu++0x";
				CLANG_CXX_LIBRARY = "libc++";
				CLANG_ENABLE_MODULES = YES;
				CLANG_ENABLE_OBJC_ARC = YES;
				CLANG_WARN_BOOL_CONVERSION = YES;
				CLANG_WARN_CONSTANT_CONVERSION = YES;
				CLANG_WARN_DIRECT_OBJC_ISA_USAGE = YES_ERROR;
				CLANG_WARN_EMPTY_BODY = YES;
				CLANG_WARN_ENUM_CONVERSION = YES;
				CLANG_WARN_INT_CONVERSION = YES;
				CLANG_WARN_OBJC_ROOT_CLASS = YES_ERROR;
				CLANG_WARN_UNREACHABLE_CODE = YES;
				CLANG_WARN__DUPLICATE_METHOD_MATCH = YES;
				"CODE_SIGN_IDENTITY[sdk=iphoneos*]" = "iPhone Developer";
				COPY_PHASE_STRIP = NO;
				DEBUG_INFORMATION_FORMAT = "dwarf-with-dsym";
				ENABLE_NS_ASSERTIONS = NO;
				ENABLE_STRICT_OBJC_MSGSEND = YES;
				GCC_C_LANGUAGE_STANDARD = gnu99;
				GCC_NO_COMMON_BLOCKS = YES;
				GCC_WARN_64_TO_32_BIT_CONVERSION = YES;
				GCC_WARN_ABOUT_RETURN_TYPE = YES_ERROR;
				GCC_WARN_UNDECLARED_SELECTOR = YES;
				GCC_WARN_UNINITIALIZED_AUTOS = YES_AGGRESSIVE;
				GCC_WARN_UNUSED_FUNCTION = YES;
				GCC_WARN_UNUSED_VARIABLE = YES;
				IPHONEOS_DEPLOYMENT_TARGET = 8.3;
				MTL_ENABLE_DEBUG_INFO = NO;
				SDKROOT = iphoneos;
				VALIDATE_PRODUCT = YES;
			};
			name = Release;
		};
		9D6061741AEC6F0900950A15 /* Debug */ = {
			isa = XCBuildConfiguration;
			buildSettings = {
				ASSETCATALOG_COMPILER_APPICON_NAME = AppIcon;
				INFOPLIST_FILE = "页面属性设置/Info.plist";
				IPHONEOS_DEPLOYMENT_TARGET = 8.0;
				LD_RUNPATH_SEARCH_PATHS = "$(inherited) @executable_path/Frameworks";
				PRODUCT_NAME = "$(TARGET_NAME)";
				SDKROOT = iphoneos;
			};
			name = Debug;
		};
		9D6061751AEC6F0900950A15 /* Release */ = {
			isa = XCBuildConfiguration;
			buildSettings = {
				ASSETCATALOG_COMPILER_APPICON_NAME = AppIcon;
				INFOPLIST_FILE = "页面属性设置/Info.plist";
				IPHONEOS_DEPLOYMENT_TARGET = 8.0;
				LD_RUNPATH_SEARCH_PATHS = "$(inherited) @executable_path/Frameworks";
				PRODUCT_NAME = "$(TARGET_NAME)";
				SDKROOT = iphoneos;
			};
			name = Release;
		};
		9D6061771AEC6F0900950A15 /* Debug */ = {
			isa = XCBuildConfiguration;
			buildSettings = {
				BUNDLE_LOADER = "$(BUILT_PRODUCTS_DIR)/页面属性设置.app/页面属性设置";
				FRAMEWORK_SEARCH_PATHS = (
					"$(SDKROOT)/Developer/Library/Frameworks",
					"$(inherited)",
				);
				GCC_PREPROCESSOR_DEFINITIONS = (
					"DEBUG=1",
					"$(inherited)",
				);
				INFOPLIST_FILE = "页面属性设置Tests/Info.plist";
				IPHONEOS_DEPLOYMENT_TARGET = 8.0;
				LD_RUNPATH_SEARCH_PATHS = "$(inherited) @executable_path/Frameworks @loader_path/Frameworks";
				PRODUCT_NAME = "$(TARGET_NAME)";
				TEST_HOST = "$(BUNDLE_LOADER)";
			};
			name = Debug;
		};
		9D6061781AEC6F0900950A15 /* Release */ = {
			isa = XCBuildConfiguration;
			buildSettings = {
				BUNDLE_LOADER = "$(BUILT_PRODUCTS_DIR)/页面属性设置.app/页面属性设置";
				FRAMEWORK_SEARCH_PATHS = (
					"$(SDKROOT)/Developer/Library/Frameworks",
					"$(inherited)",
				);
				INFOPLIST_FILE = "页面属性设置Tests/Info.plist";
				IPHONEOS_DEPLOYMENT_TARGET = 8.0;
				LD_RUNPATH_SEARCH_PATHS = "$(inherited) @executable_path/Frameworks @loader_path/Frameworks";
				PRODUCT_NAME = "$(TARGET_NAME)";
				TEST_HOST = "$(BUNDLE_LOADER)";
			};
			name = Release;
		};
/* End XCBuildConfiguration section */

/* Begin XCConfigurationList section */
		9D60614B1AEC6F0800950A15 /* Build configuration list for PBXProject "页面属性设置" */ = {
			isa = XCConfigurationList;
			buildConfigurations = (
				9D6061711AEC6F0900950A15 /* Debug */,
				9D6061721AEC6F0900950A15 /* Release */,
			);
			defaultConfigurationIsVisible = 0;
			defaultConfigurationName = Release;
		};
		9D6061731AEC6F0900950A15 /* Build configuration list for PBXNativeTarget "页面属性设置" */ = {
			isa = XCConfigurationList;
			buildConfigurations = (
				9D6061741AEC6F0900950A15 /* Debug */,
				9D6061751AEC6F0900950A15 /* Release */,
			);
			defaultConfigurationIsVisible = 0;
			defaultConfigurationName = Release;
		};
		9D6061761AEC6F0900950A15 /* Build configuration list for PBXNativeTarget "页面属性设置Tests" */ = {
			isa = XCConfigurationList;
			buildConfigurations = (
				9D6061771AEC6F0900950A15 /* Debug */,
				9D6061781AEC6F0900950A15 /* Release */,
			);
			defaultConfigurationIsVisible = 0;
			defaultConfigurationName = Release;
		};
/* End XCConfigurationList section */
	};
	rootObject = 9D6061481AEC6F0800950A15 /* Project object */;
}
